
Microsoft Visual Studio Solution File, Format Version 12.00
# Visual Studio Version 16
VisualStudioVersion = 16.0.29306.81
MinimumVisualStudioVersion = 10.0.40219.1
Project("{FAE04EC0-301F-11D3-BF4B-00C04F79EFBC}") = "HackerRank", "HackerRank.csproj", "{68F93FCC-1FA1-4274-9173-69240F3A8977}"
EndProject
Global
	GlobalSection(SolutionConfigurationPlatforms) = preSolution
		Debug|Any CPU = Debug|Any CPU
		Release|Any CPU = Release|Any CPU
	EndGlobalSection
	GlobalSection(ProjectConfigurationPlatforms) = postSolution
		{68F93FCC-1FA1-4274-9173-69240F3A8977}.Debug|Any CPU.ActiveCfg = Debug|Any CPU
		{68F93FCC-1FA1-4274-9173-69240F3A8977}.Debug|Any CPU.Build.0 = Debug|Any CPU
		{68F93FCC-1FA1-4274-9173-69240F3A8977}.Release|Any CPU.ActiveCfg = Release|Any CPU
		{68F93FCC-1FA1-4274-9173-69240F3A8977}.Release|Any CPU.Build.0 = Release|Any CPU
	EndGlobalSection
	GlobalSection(SolutionProperties) = preSolution
		HideSolutionNode = FALSE
	EndGlobalSection
	GlobalSection(ExtensibilityGlobals) = postSolution
		SolutionGuid = {89B95D35-B37A-4F2A-A4DD-E18E34FC3248}
	EndGlobalSection
EndGlobal
